// !$*UTF8*$!
{
	archiveVersion = 1;
	classes = {
	};
	objectVersion = 56;
	objects = {

/* Begin PBXBuildFile section */
		1A534B0C2D05D6A400999BC4 /* CircleImage.swift in Sources */ = {isa = PBXBuildFile; fileRef = 1A534B0B2D05D6A400999BC4 /* CircleImage.swift */; };
		1A534B0E2D05DE2B00999BC4 /* MapView.swift in Sources */ = {isa = PBXBuildFile; fileRef = 1A534B0D2D05DE2B00999BC4 /* MapView.swift */; };
		1AB403462D083100009E625D /* landmarkData.json in Resources */ = {isa = PBXBuildFile; fileRef = 1AB403452D083100009E625D /* landmarkData.json */; };
		1AB403482D08313C009E625D /* Landmark.swift in Sources */ = {isa = PBXBuildFile; fileRef = 1AB403472D08313C009E625D /* Landmark.swift */; };
		1AC16A782C63B48200FCE294 /* landmarksApp.swift in Sources */ = {isa = PBXBuildFile; fileRef = 1AC16A772C63B48200FCE294 /* landmarksApp.swift */; };
		1AC16A7C2C63B48400FCE294 /* Assets.xcassets in Resources */ = {isa = PBXBuildFile; fileRef = 1AC16A7B2C63B48400FCE294 /* Assets.xcassets */; };
		1AC16A802C63B48400FCE294 /* Preview Assets.xcassets in Resources */ = {isa = PBXBuildFile; fileRef = 1AC16A7F2C63B48400FCE294 /* Preview Assets.xcassets */; };
		1AC16A8A2C63B48400FCE294 /* landmarksTests.swift in Sources */ = {isa = PBXBuildFile; fileRef = 1AC16A892C63B48400FCE294 /* landmarksTests.swift */; };
		1AC16A942C63B48400FCE294 /* landmarksUITests.swift in Sources */ = {isa = PBXBuildFile; fileRef = 1AC16A932C63B48400FCE294 /* landmarksUITests.swift */; };
		1AC16A962C63B48400FCE294 /* landmarksUITestsLaunchTests.swift in Sources */ = {isa = PBXBuildFile; fileRef = 1AC16A952C63B48400FCE294 /* landmarksUITestsLaunchTests.swift */; };
		1AC890952D09C5C4006A4029 /* FavoriteButton.swift in Sources */ = {isa = PBXBuildFile; fileRef = 1AC890942D09C5C4006A4029 /* FavoriteButton.swift */; };
		1AC890982D09C8AF006A4029 /* LandmarkList.swift in Sources */ = {isa = PBXBuildFile; fileRef = 1AF62B532D08D2D900A243A1 /* LandmarkList.swift */; };
		1AC8909A2D09D4CA006A4029 /* ContentView.swift in Sources */ = {isa = PBXBuildFile; fileRef = 1AC890992D09D4CA006A4029 /* ContentView.swift */; };
		1AF62B4D2D08B78D00A243A1 /* ModelData.swift in Sources */ = {isa = PBXBuildFile; fileRef = 1AF62B4C2D08B78D00A243A1 /* ModelData.swift */; };
		1AF62B522D08CBC500A243A1 /* LandmarkRow.swift in Sources */ = {isa = PBXBuildFile; fileRef = 1AF62B512D08CBC500A243A1 /* LandmarkRow.swift */; };
		1AF62B562D08D5AE00A243A1 /* LandmarkDetail.swift in Sources */ = {isa = PBXBuildFile; fileRef = 1AF62B552D08D5AE00A243A1 /* LandmarkDetail.swift */; };
/* End PBXBuildFile section */

/* Begin PBXContainerItemProxy section */
		1AC16A862C63B48400FCE294 /* PBXContainerItemProxy */ = {
			isa = PBXContainerItemProxy;
			containerPortal = 1AC16A6C2C63B48200FCE294 /* Project object */;
			proxyType = 1;
			remoteGlobalIDString = 1AC16A732C63B48200FCE294;
			remoteInfo = test;
		};
		1AC16A902C63B48400FCE294 /* PBXContainerItemProxy */ = {
			isa = PBXContainerItemProxy;
			containerPortal = 1AC16A6C2C63B48200FCE294 /* Project object */;
			proxyType = 1;
			remoteGlobalIDString = 1AC16A732C63B48200FCE294;
			remoteInfo = test;
		};
/* End PBXContainerItemProxy section */

/* Begin PBXFileReference section */
		1A534B0B2D05D6A400999BC4 /* CircleImage.swift */ = {isa = PBXFileReference; lastKnownFileType = sourcecode.swift; path = CircleImage.swift; sourceTree = "<group>"; };
		1A534B0D2D05DE2B00999BC4 /* MapView.swift */ = {isa = PBXFileReference; lastKnownFileType = sourcecode.swift; path = MapView.swift; sourceTree = "<group>"; };
		1AB403452D083100009E625D /* landmarkData.json */ = {isa = PBXFileReference; fileEncoding = 4; lastKnownFileType = text.json; path = landmarkData.json; sourceTree = "<group>"; };
		1AB403472D08313C009E625D /* Landmark.swift */ = {isa = PBXFileReference; lastKnownFileType = sourcecode.swift; path = Landmark.swift; sourceTree = "<group>"; };
		1AC16A742C63B48200FCE294 /* landmarks.app */ = {isa = PBXFileReference; explicitFileType = wrapper.application; includeInIndex = 0; path = landmarks.app; sourceTree = BUILT_PRODUCTS_DIR; };
		1AC16A772C63B48200FCE294 /* landmarksApp.swift */ = {isa = PBXFileReference; lastKnownFileType = sourcecode.swift; path = landmarksApp.swift; sourceTree = "<group>"; };
		1AC16A7B2C63B48400FCE294 /* Assets.xcassets */ = {isa = PBXFileReference; lastKnownFileType = folder.assetcatalog; path = Assets.xcassets; sourceTree = "<group>"; };
		1AC16A7D2C63B48400FCE294 /* landmarks.entitlements */ = {isa = PBXFileReference; lastKnownFileType = text.plist.entitlements; path = landmarks.entitlements; sourceTree = "<group>"; };
		1AC16A7F2C63B48400FCE294 /* Preview Assets.xcassets */ = {isa = PBXFileReference; lastKnownFileType = folder.assetcatalog; path = "Preview Assets.xcassets"; sourceTree = "<group>"; };
		1AC16A852C63B48400FCE294 /* landmarksTests.xctest */ = {isa = PBXFileReference; explicitFileType = wrapper.cfbundle; includeInIndex = 0; path = landmarksTests.xctest; sourceTree = BUILT_PRODUCTS_DIR; };
		1AC16A892C63B48400FCE294 /* landmarksTests.swift */ = {isa = PBXFileReference; lastKnownFileType = sourcecode.swift; path = landmarksTests.swift; sourceTree = "<group>"; };
		1AC16A8F2C63B48400FCE294 /* landmarksUITests.xctest */ = {isa = PBXFileReference; explicitFileType = wrapper.cfbundle; includeInIndex = 0; path = landmarksUITests.xctest; sourceTree = BUILT_PRODUCTS_DIR; };
		1AC16A932C63B48400FCE294 /* landmarksUITests.swift */ = {isa = PBXFileReference; lastKnownFileType = sourcecode.swift; path = landmarksUITests.swift; sourceTree = "<group>"; };
		1AC16A952C63B48400FCE294 /* landmarksUITestsLaunchTests.swift */ = {isa = PBXFileReference; lastKnownFileType = sourcecode.swift; path = landmarksUITestsLaunchTests.swift; sourceTree = "<group>"; };
		1AC890942D09C5C4006A4029 /* FavoriteButton.swift */ = {isa = PBXFileReference; lastKnownFileType = sourcecode.swift; path = FavoriteButton.swift; sourceTree = "<group>"; };
		1AC890992D09D4CA006A4029 /* ContentView.swift */ = {isa = PBXFileReference; lastKnownFileType = sourcecode.swift; path = ContentView.swift; sourceTree = "<group>"; };
		1AF62B4C2D08B78D00A243A1 /* ModelData.swift */ = {isa = PBXFileReference; lastKnownFileType = sourcecode.swift; path = ModelData.swift; sourceTree = "<group>"; };
		1AF62B512D08CBC500A243A1 /* LandmarkRow.swift */ = {isa = PBXFileReference; lastKnownFileType = sourcecode.swift; path = LandmarkRow.swift; sourceTree = "<group>"; };
		1AF62B532D08D2D900A243A1 /* LandmarkList.swift */ = {isa = PBXFileReference; lastKnownFileType = sourcecode.swift; path = LandmarkList.swift; sourceTree = "<group>"; };
		1AF62B552D08D5AE00A243A1 /* LandmarkDetail.swift */ = {isa = PBXFileReference; lastKnownFileType = sourcecode.swift; path = LandmarkDetail.swift; sourceTree = "<group>"; };
/* End PBXFileReference section */

/* Begin PBXFrameworksBuildPhase section */
		1AC16A712C63B48200FCE294 /* Frameworks */ = {
			isa = PBXFrameworksBuildPhase;
			buildActionMask = 2147483647;
			files = (
			);
			runOnlyForDeploymentPostprocessing = 0;
		};
		1AC16A822C63B48400FCE294 /* Frameworks */ = {
			isa = PBXFrameworksBuildPhase;
			buildActionMask = 2147483647;
			files = (
			);
			runOnlyForDeploymentPostprocessing = 0;
		};
		1AC16A8C2C63B48400FCE294 /* Frameworks */ = {
			isa = PBXFrameworksBuildPhase;
			buildActionMask = 2147483647;
			files = (
			);
			runOnlyForDeploymentPostprocessing = 0;
		};
/* End PBXFrameworksBuildPhase section */

/* Begin PBXGroup section */
		1AC16A6B2C63B48200FCE294 = {
			isa = PBXGroup;
			children = (
				1AC16A762C63B48200FCE294 /* Landmarks */,
				1AC16A882C63B48400FCE294 /* landmarksTests */,
				1AC16A922C63B48400FCE294 /* landmarksUITests */,
				1AC16A752C63B48200FCE294 /* Products */,
			);
			sourceTree = "<group>";
		};
		1AC16A752C63B48200FCE294 /* Products */ = {
			isa = PBXGroup;
			children = (
				1AC16A742C63B48200FCE294 /* landmarks.app */,
				1AC16A852C63B48400FCE294 /* landmarksTests.xctest */,
				1AC16A8F2C63B48400FCE294 /* landmarksUITests.xctest */,
			);
			name = Products;
			sourceTree = "<group>";
		};
		1AC16A762C63B48200FCE294 /* Landmarks */ = {
			isa = PBXGroup;
			children = (
				1AC16A772C63B48200FCE294 /* landmarksApp.swift */,
				1AF62B4E2D08BF9100A243A1 /* Views */,
				1AF62B4F2D08C23D00A243A1 /* Models */,
				1AF62B502D08C26C00A243A1 /* Resources */,
				1AC16A7B2C63B48400FCE294 /* Assets.xcassets */,
				1AC16A7D2C63B48400FCE294 /* landmarks.entitlements */,
				1AC16A7E2C63B48400FCE294 /* Preview Content */,
			);
			path = Landmarks;
			sourceTree = "<group>";
		};
		1AC16A7E2C63B48400FCE294 /* Preview Content */ = {
			isa = PBXGroup;
			children = (
				1AC16A7F2C63B48400FCE294 /* Preview Assets.xcassets */,
			);
			path = "Preview Content";
			sourceTree = "<group>";
		};
		1AC16A882C63B48400FCE294 /* landmarksTests */ = {
			isa = PBXGroup;
			children = (
				1AC16A892C63B48400FCE294 /* landmarksTests.swift */,
			);
			path = landmarksTests;
			sourceTree = "<group>";
		};
		1AC16A922C63B48400FCE294 /* landmarksUITests */ = {
			isa = PBXGroup;
			children = (
				1AC16A932C63B48400FCE294 /* landmarksUITests.swift */,
				1AC16A952C63B48400FCE294 /* landmarksUITestsLaunchTests.swift */,
			);
			path = landmarksUITests;
			sourceTree = "<group>";
		};
		1AC890962D09C74D006A4029 /* Landmarks */ = {
			isa = PBXGroup;
			children = (
				1AF62B532D08D2D900A243A1 /* LandmarkList.swift */,
				1AF62B512D08CBC500A243A1 /* LandmarkRow.swift */,
				1AF62B552D08D5AE00A243A1 /* LandmarkDetail.swift */,
			);
			path = Landmarks;
			sourceTree = "<group>";
		};
		1AC890972D09C755006A4029 /* Helper */ = {
			isa = PBXGroup;
			children = (
				1AC890942D09C5C4006A4029 /* FavoriteButton.swift */,
				1A534B0B2D05D6A400999BC4 /* CircleImage.swift */,
				1A534B0D2D05DE2B00999BC4 /* MapView.swift */,
			);
			path = Helper;
			sourceTree = "<group>";
		};
		1AF62B4E2D08BF9100A243A1 /* Views */ = {
			isa = PBXGroup;
			children = (
				1AC890972D09C755006A4029 /* Helper */,
				1AC890962D09C74D006A4029 /* Landmarks */,
				1AC890992D09D4CA006A4029 /* ContentView.swift */,
			);
			path = Views;
			sourceTree = "<group>";
		};
		1AF62B4F2D08C23D00A243A1 /* Models */ = {
			isa = PBXGroup;
			children = (
				1AF62B4C2D08B78D00A243A1 /* ModelData.swift */,
				1AB403472D08313C009E625D /* Landmark.swift */,
			);
			path = Models;
			sourceTree = "<group>";
		};
		1AF62B502D08C26C00A243A1 /* Resources */ = {
			isa = PBXGroup;
			children = (
				1AB403452D083100009E625D /* landmarkData.json */,
			);
			path = Resources;
			sourceTree = "<group>";
		};
/* End PBXGroup section */

/* Begin PBXNativeTarget section */
		1AC16A732C63B48200FCE294 /* landmarks */ = {
			isa = PBXNativeTarget;
			buildConfigurationList = 1AC16A992C63B48400FCE294 /* Build configuration list for PBXNativeTarget "landmarks" */;
			buildPhases = (
				1AC16A702C63B48200FCE294 /* Sources */,
				1AC16A712C63B48200FCE294 /* Frameworks */,
				1AC16A722C63B48200FCE294 /* Resources */,
			);
			buildRules = (
			);
			dependencies = (
			);
			name = landmarks;
			productName = test;
			productReference = 1AC16A742C63B48200FCE294 /* landmarks.app */;
			productType = "com.apple.product-type.application";
		};
		1AC16A842C63B48400FCE294 /* landmarksTests */ = {
			isa = PBXNativeTarget;
			buildConfigurationList = 1AC16A9C2C63B48400FCE294 /* Build configuration list for PBXNativeTarget "landmarksTests" */;
			buildPhases = (
				1AC16A812C63B48400FCE294 /* Sources */,
				1AC16A822C63B48400FCE294 /* Frameworks */,
				1AC16A832C63B48400FCE294 /* Resources */,
			);
			buildRules = (
			);
			dependencies = (
				1AC16A872C63B48400FCE294 /* PBXTargetDependency */,
			);
			name = landmarksTests;
			productName = testTests;
			productReference = 1AC16A852C63B48400FCE294 /* landmarksTests.xctest */;
			productType = "com.apple.product-type.bundle.unit-test";
		};
		1AC16A8E2C63B48400FCE294 /* landmarksUITests */ = {
			isa = PBXNativeTarget;
			buildConfigurationList = 1AC16A9F2C63B48400FCE294 /* Build configuration list for PBXNativeTarget "landmarksUITests" */;
			buildPhases = (
				1AC16A8B2C63B48400FCE294 /* Sources */,
				1AC16A8C2C63B48400FCE294 /* Frameworks */,
				1AC16A8D2C63B48400FCE294 /* Resources */,
			);
			buildRules = (
			);
			dependencies = (
				1AC16A912C63B48400FCE294 /* PBXTargetDependency */,
			);
			name = landmarksUITests;
			productName = testUITests;
			productReference = 1AC16A8F2C63B48400FCE294 /* landmarksUITests.xctest */;
			productType = "com.apple.product-type.bundle.ui-testing";
		};
/* End PBXNativeTarget section */

/* Begin PBXProject section */
		1AC16A6C2C63B48200FCE294 /* Project object */ = {
			isa = PBXProject;
			attributes = {
				BuildIndependentTargetsInParallel = 1;
				LastSwiftUpdateCheck = 1540;
				LastUpgradeCheck = 1540;
				TargetAttributes = {
					1AC16A732C63B48200FCE294 = {
						CreatedOnToolsVersion = 15.4;
					};
					1AC16A842C63B48400FCE294 = {
						CreatedOnToolsVersion = 15.4;
						TestTargetID = 1AC16A732C63B48200FCE294;
					};
					1AC16A8E2C63B48400FCE294 = {
						CreatedOnToolsVersion = 15.4;
						TestTargetID = 1AC16A732C63B48200FCE294;
					};
				};
			};
			buildConfigurationList = 1AC16A6F2C63B48200FCE294 /* Build configuration list for PBXProject "landmarks" */;
			compatibilityVersion = "Xcode 14.0";
			developmentRegion = en;
			hasScannedForEncodings = 0;
			knownRegions = (
				en,
				Base,
			);
			mainGroup = 1AC16A6B2C63B48200FCE294;
			productRefGroup = 1AC16A752C63B48200FCE294 /* Products */;
			projectDirPath = "";
			projectRoot = "";
			targets = (
				1AC16A732C63B48200FCE294 /* landmarks */,
				1AC16A842C63B48400FCE294 /* landmarksTests */,
				1AC16A8E2C63B48400FCE294 /* landmarksUITests */,
			);
		};
/* End PBXProject section */

/* Begin PBXResourcesBuildPhase section */
		1AC16A722C63B48200FCE294 /* Resources */ = {
			isa = PBXResourcesBuildPhase;
			buildActionMask = 2147483647;
			files = (
				1AC16A802C63B48400FCE294 /* Preview Assets.xcassets in Resources */,
				1AC16A7C2C63B48400FCE294 /* Assets.xcassets in Resources */,
				1AB403462D083100009E625D /* landmarkData.json in Resources */,
			);
			runOnlyForDeploymentPostprocessing = 0;
		};
		1AC16A832C63B48400FCE294 /* Resources */ = {
			isa = PBXResourcesBuildPhase;
			buildActionMask = 2147483647;
			files = (
			);
			runOnlyForDeploymentPostprocessing = 0;
		};
		1AC16A8D2C63B48400FCE294 /* Resources */ = {
			isa = PBXResourcesBuildPhase;
			buildActionMask = 2147483647;
			files = (
			);
			runOnlyForDeploymentPostprocessing = 0;
		};
/* End PBXResourcesBuildPhase section */

/* Begin PBXSourcesBuildPhase section */
		1AC16A702C63B48200FCE294 /* Sources */ = {
			isa = PBXSourcesBuildPhase;
			buildActionMask = 2147483647;
			files = (
				1A534B0E2D05DE2B00999BC4 /* MapView.swift in Sources */,
				1AC16A782C63B48200FCE294 /* landmarksApp.swift in Sources */,
				1AC890952D09C5C4006A4029 /* FavoriteButton.swift in Sources */,
				1AF62B562D08D5AE00A243A1 /* LandmarkDetail.swift in Sources */,
				1A534B0C2D05D6A400999BC4 /* CircleImage.swift in Sources */,
				1AB403482D08313C009E625D /* Landmark.swift in Sources */,
				1AC8909A2D09D4CA006A4029 /* ContentView.swift in Sources */,
				1AF62B522D08CBC500A243A1 /* LandmarkRow.swift in Sources */,
				1AF62B4D2D08B78D00A243A1 /* ModelData.swift in Sources */,
				1AC890982D09C8AF006A4029 /* LandmarkList.swift in Sources */,
			);
			runOnlyForDeploymentPostprocessing = 0;
		};
		1AC16A812C63B48400FCE294 /* Sources */ = {
			isa = PBXSourcesBuildPhase;
			buildActionMask = 2147483647;
			files = (
				1AC16A8A2C63B48400FCE294 /* landmarksTests.swift in Sources */,
			);
			runOnlyForDeploymentPostprocessing = 0;
		};
		1AC16A8B2C63B48400FCE294 /* Sources */ = {
			isa = PBXSourcesBuildPhase;
			buildActionMask = 2147483647;
			files = (
				1AC16A962C63B48400FCE294 /* landmarksUITestsLaunchTests.swift in Sources */,
				1AC16A942C63B48400FCE294 /* landmarksUITests.swift in Sources */,
			);
			runOnlyForDeploymentPostprocessing = 0;
		};
/* End PBXSourcesBuildPhase section */

/* Begin PBXTargetDependency section */
		1AC16A872C63B48400FCE294 /* PBXTargetDependency */ = {
			isa = PBXTargetDependency;
			target = 1AC16A732C63B48200FCE294 /* landmarks */;
			targetProxy = 1AC16A862C63B48400FCE294 /* PBXContainerItemProxy */;
		};
		1AC16A912C63B48400FCE294 /* PBXTargetDependency */ = {
			isa = PBXTargetDependency;
			target = 1AC16A732C63B48200FCE294 /* landmarks */;
			targetProxy = 1AC16A902C63B48400FCE294 /* PBXContainerItemProxy */;
		};
/* End PBXTargetDependency section */

/* Begin XCBuildConfiguration section */
		1AC16A972C63B48400FCE294 /* Debug */ = {
			isa = XCBuildConfiguration;
			buildSettings = {
				ALWAYS_SEARCH_USER_PATHS = NO;
				ASSETCATALOG_COMPILER_GENERATE_SWIFT_ASSET_SYMBOL_EXTENSIONS = YES;
				CLANG_ANALYZER_NONNULL = YES;
				CLANG_ANALYZER_NUMBER_OBJECT_CONVERSION = YES_AGGRESSIVE;
				CLANG_CXX_LANGUAGE_STANDARD = "gnu++20";
				CLANG_ENABLE_MODULES = YES;
				CLANG_ENABLE_OBJC_ARC = YES;
				CLANG_ENABLE_OBJC_WEAK = YES;
				CLANG_WARN_BLOCK_CAPTURE_AUTORELEASING = YES;
				CLANG_WARN_BOOL_CONVERSION = YES;
				CLANG_WARN_COMMA = YES;
				CLANG_WARN_CONSTANT_CONVERSION = YES;
				CLANG_WARN_DEPRECATED_OBJC_IMPLEMENTATIONS = YES;
				CLANG_WARN_DIRECT_OBJC_ISA_USAGE = YES_ERROR;
				CLANG_WARN_DOCUMENTATION_COMMENTS = YES;
				CLANG_WARN_EMPTY_BODY = YES;
				CLANG_WARN_ENUM_CONVERSION = YES;
				CLANG_WARN_INFINITE_RECURSION = YES;
				CLANG_WARN_INT_CONVERSION = YES;
				CLANG_WARN_NON_LITERAL_NULL_CONVERSION = YES;
				CLANG_WARN_OBJC_IMPLICIT_RETAIN_SELF = YES;
				CLANG_WARN_OBJC_LITERAL_CONVERSION = YES;
				CLANG_WARN_OBJC_ROOT_CLASS = YES_ERROR;
				CLANG_WARN_QUOTED_INCLUDE_IN_FRAMEWORK_HEADER = YES;
				CLANG_WARN_RANGE_LOOP_ANALYSIS = YES;
				CLANG_WARN_STRICT_PROTOTYPES = YES;
				CLANG_WARN_SUSPICIOUS_MOVE = YES;
				CLANG_WARN_UNGUARDED_AVAILABILITY = YES_AGGRESSIVE;
				CLANG_WARN_UNREACHABLE_CODE = YES;
				CLANG_WARN__DUPLICATE_METHOD_MATCH = YES;
				COPY_PHASE_STRIP = NO;
				DEBUG_INFORMATION_FORMAT = dwarf;
				ENABLE_STRICT_OBJC_MSGSEND = YES;
				ENABLE_TESTABILITY = YES;
				ENABLE_USER_SCRIPT_SANDBOXING = YES;
				GCC_C_LANGUAGE_STANDARD = gnu17;
				GCC_DYNAMIC_NO_PIC = NO;
				GCC_NO_COMMON_BLOCKS = YES;
				GCC_OPTIMIZATION_LEVEL = 0;
				GCC_PREPROCESSOR_DEFINITIONS = (
					"DEBUG=1",
					"$(inherited)",
				);
				GCC_WARN_64_TO_32_BIT_CONVERSION = YES;
				GCC_WARN_ABOUT_RETURN_TYPE = YES_ERROR;
				GCC_WARN_UNDECLARED_SELECTOR = YES;
				GCC_WARN_UNINITIALIZED_AUTOS = YES_AGGRESSIVE;
				GCC_WARN_UNUSED_FUNCTION = YES;
				GCC_WARN_UNUSED_VARIABLE = YES;
				LOCALIZATION_PREFERS_STRING_CATALOGS = YES;
				MTL_ENABLE_DEBUG_INFO = INCLUDE_SOURCE;
				MTL_FAST_MATH = YES;
				ONLY_ACTIVE_ARCH = YES;
				SWIFT_ACTIVE_COMPILATION_CONDITIONS = "DEBUG $(inherited)";
				SWIFT_OPTIMIZATION_LEVEL = "-Onone";
			};
			name = Debug;
		};
		1AC16A982C63B48400FCE294 /* Release */ = {
			isa = XCBuildConfiguration;
			buildSettings = {
				ALWAYS_SEARCH_USER_PATHS = NO;
				ASSETCATALOG_COMPILER_GENERATE_SWIFT_ASSET_SYMBOL_EXTENSIONS = YES;
				CLANG_ANALYZER_NONNULL = YES;
				CLANG_ANALYZER_NUMBER_OBJECT_CONVERSION = YES_AGGRESSIVE;
				CLANG_CXX_LANGUAGE_STANDARD = "gnu++20";
				CLANG_ENABLE_MODULES = YES;
				CLANG_ENABLE_OBJC_ARC = YES;
				CLANG_ENABLE_OBJC_WEAK = YES;
				CLANG_WARN_BLOCK_CAPTURE_AUTORELEASING = YES;
				CLANG_WARN_BOOL_CONVERSION = YES;
				CLANG_WARN_COMMA = YES;
				CLANG_WARN_CONSTANT_CONVERSION = YES;
				CLANG_WARN_DEPRECATED_OBJC_IMPLEMENTATIONS = YES;
				CLANG_WARN_DIRECT_OBJC_ISA_USAGE = YES_ERROR;
				CLANG_WARN_DOCUMENTATION_COMMENTS = YES;
				CLANG_WARN_EMPTY_BODY = YES;
				CLANG_WARN_ENUM_CONVERSION = YES;
				CLANG_WARN_INFINITE_RECURSION = YES;
				CLANG_WARN_INT_CONVERSION = YES;
				CLANG_WARN_NON_LITERAL_NULL_CONVERSION = YES;
				CLANG_WARN_OBJC_IMPLICIT_RETAIN_SELF = YES;
				CLANG_WARN_OBJC_LITERAL_CONVERSION = YES;
				CLANG_WARN_OBJC_ROOT_CLASS = YES_ERROR;
				CLANG_WARN_QUOTED_INCLUDE_IN_FRAMEWORK_HEADER = YES;
				CLANG_WARN_RANGE_LOOP_ANALYSIS = YES;
				CLANG_WARN_STRICT_PROTOTYPES = YES;
				CLANG_WARN_SUSPICIOUS_MOVE = YES;
				CLANG_WARN_UNGUARDED_AVAILABILITY = YES_AGGRESSIVE;
				CLANG_WARN_UNREACHABLE_CODE = YES;
				CLANG_WARN__DUPLICATE_METHOD_MATCH = YES;
				COPY_PHASE_STRIP = NO;
				DEBUG_INFORMATION_FORMAT = "dwarf-with-dsym";
				ENABLE_NS_ASSERTIONS = NO;
				ENABLE_STRICT_OBJC_MSGSEND = YES;
				ENABLE_USER_SCRIPT_SANDBOXING = YES;
				GCC_C_LANGUAGE_STANDARD = gnu17;
				GCC_NO_COMMON_BLOCKS = YES;
				GCC_WARN_64_TO_32_BIT_CONVERSION = YES;
				GCC_WARN_ABOUT_RETURN_TYPE = YES_ERROR;
				GCC_WARN_UNDECLARED_SELECTOR = YES;
				GCC_WARN_UNINITIALIZED_AUTOS = YES_AGGRESSIVE;
				GCC_WARN_UNUSED_FUNCTION = YES;
				GCC_WARN_UNUSED_VARIABLE = YES;
				LOCALIZATION_PREFERS_STRING_CATALOGS = YES;
				MTL_ENABLE_DEBUG_INFO = NO;
				MTL_FAST_MATH = YES;
				SWIFT_COMPILATION_MODE = wholemodule;
			};
			name = Release;
		};
		1AC16A9A2C63B48400FCE294 /* Debug */ = {
			isa = XCBuildConfiguration;
			buildSettings = {
				ASSETCATALOG_COMPILER_APPICON_NAME = AppIcon;
				ASSETCATALOG_COMPILER_GLOBAL_ACCENT_COLOR_NAME = AccentColor;
				CODE_SIGN_ENTITLEMENTS = Landmarks/landmarks.entitlements;
				CODE_SIGN_STYLE = Automatic;
				CURRENT_PROJECT_VERSION = 1;
				DEVELOPMENT_ASSET_PATHS = "\"Landmarks/Preview Content\"";
				DEVELOPMENT_TEAM = UVYL2468H7;
				ENABLE_PREVIEWS = YES;
				GENERATE_INFOPLIST_FILE = YES;
				INFOPLIST_KEY_CFBundleDisplayName = Landmarks;
				"INFOPLIST_KEY_UIApplicationSceneManifest_Generation[sdk=iphoneos*]" = YES;
				"INFOPLIST_KEY_UIApplicationSceneManifest_Generation[sdk=iphonesimulator*]" = YES;
				"INFOPLIST_KEY_UIApplicationSupportsIndirectInputEvents[sdk=iphoneos*]" = YES;
				"INFOPLIST_KEY_UIApplicationSupportsIndirectInputEvents[sdk=iphonesimulator*]" = YES;
				"INFOPLIST_KEY_UILaunchScreen_Generation[sdk=iphoneos*]" = YES;
				"INFOPLIST_KEY_UILaunchScreen_Generation[sdk=iphonesimulator*]" = YES;
				"INFOPLIST_KEY_UIStatusBarStyle[sdk=iphoneos*]" = UIStatusBarStyleDefault;
				"INFOPLIST_KEY_UIStatusBarStyle[sdk=iphonesimulator*]" = UIStatusBarStyleDefault;
				INFOPLIST_KEY_UISupportedInterfaceOrientations_iPad = "UIInterfaceOrientationPortrait UIInterfaceOrientationPortraitUpsideDown UIInterfaceOrientationLandscapeLeft UIInterfaceOrientationLandscapeRight";
				INFOPLIST_KEY_UISupportedInterfaceOrientations_iPhone = "UIInterfaceOrientationPortrait UIInterfaceOrientationLandscapeLeft UIInterfaceOrientationLandscapeRight";
				IPHONEOS_DEPLOYMENT_TARGET = 17.5;
				LD_RUNPATH_SEARCH_PATHS = "@executable_path/Frameworks";
				"LD_RUNPATH_SEARCH_PATHS[sdk=macosx*]" = "@executable_path/../Frameworks";
				MACOSX_DEPLOYMENT_TARGET = 14.5;
				MARKETING_VERSION = 1.0;
				PRODUCT_BUNDLE_IDENTIFIER = com.vpavlykovych;
				PRODUCT_NAME = "$(TARGET_NAME)";
				SDKROOT = auto;
				SUPPORTED_PLATFORMS = "iphoneos iphonesimulator macosx";
				SWIFT_EMIT_LOC_STRINGS = YES;
				SWIFT_VERSION = 5.0;
				TARGETED_DEVICE_FAMILY = "1,2";
			};
			name = Debug;
		};
		1AC16A9B2C63B48400FCE294 /* Release */ = {
			isa = XCBuildConfiguration;
			buildSettings = {
				ASSETCATALOG_COMPILER_APPICON_NAME = AppIcon;
				ASSETCATALOG_COMPILER_GLOBAL_ACCENT_COLOR_NAME = AccentColor;
				CODE_SIGN_ENTITLEMENTS = Landmarks/landmarks.entitlements;
				CODE_SIGN_STYLE = Automatic;
				CURRENT_PROJECT_VERSION = 1;
				DEVELOPMENT_ASSET_PATHS = "\"Landmarks/Preview Content\"";
				DEVELOPMENT_TEAM = UVYL2468H7;
				ENABLE_PREVIEWS = YES;
				GENERATE_INFOPLIST_FILE = YES;
				INFOPLIST_KEY_CFBundleDisplayName = Landmarks;
				"INFOPLIST_KEY_UIApplicationSceneManifest_Generation[sdk=iphoneos*]" = YES;
				"INFOPLIST_KEY_UIApplicationSceneManifest_Generation[sdk=iphonesimulator*]" = YES;
				"INFOPLIST_KEY_UIApplicationSupportsIndirectInputEvents[sdk=iphoneos*]" = YES;
				"INFOPLIST_KEY_UIApplicationSupportsIndirectInputEvents[sdk=iphonesimulator*]" = YES;
				"INFOPLIST_KEY_UILaunchScreen_Generation[sdk=iphoneos*]" = YES;
				"INFOPLIST_KEY_UILaunchScreen_Generation[sdk=iphonesimulator*]" = YES;
				"INFOPLIST_KEY_UIStatusBarStyle[sdk=iphoneos*]" = UIStatusBarStyleDefault;
				"INFOPLIST_KEY_UIStatusBarStyle[sdk=iphonesimulator*]" = UIStatusBarStyleDefault;
				INFOPLIST_KEY_UISupportedInterfaceOrientations_iPad = "UIInterfaceOrientationPortrait UIInterfaceOrientationPortraitUpsideDown UIInterfaceOrientationLandscapeLeft UIInterfaceOrientationLandscapeRight";
				INFOPLIST_KEY_UISupportedInterfaceOrientations_iPhone = "UIInterfaceOrientationPortrait UIInterfaceOrientationLandscapeLeft UIInterfaceOrientationLandscapeRight";
				IPHONEOS_DEPLOYMENT_TARGET = 17.5;
				LD_RUNPATH_SEARCH_PATHS = "@executable_path/Frameworks";
				"LD_RUNPATH_SEARCH_PATHS[sdk=macosx*]" = "@executable_path/../Frameworks";
				MACOSX_DEPLOYMENT_TARGET = 14.5;
				MARKETING_VERSION = 1.0;
				PRODUCT_BUNDLE_IDENTIFIER = com.vpavlykovych;
				PRODUCT_NAME = "$(TARGET_NAME)";
				SDKROOT = auto;
				SUPPORTED_PLATFORMS = "iphoneos iphonesimulator macosx";
				SWIFT_EMIT_LOC_STRINGS = YES;
				SWIFT_VERSION = 5.0;
				TARGETED_DEVICE_FAMILY = "1,2";
			};
			name = Release;
		};
		1AC16A9D2C63B48400FCE294 /* Debug */ = {
			isa = XCBuildConfiguration;
			buildSettings = {
				ALWAYS_EMBED_SWIFT_STANDARD_LIBRARIES = YES;
				BUNDLE_LOADER = "$(TEST_HOST)";
				CODE_SIGN_STYLE = Automatic;
				CURRENT_PROJECT_VERSION = 1;
				DEVELOPMENT_TEAM = UVYL2468H7;
				GENERATE_INFOPLIST_FILE = YES;
				IPHONEOS_DEPLOYMENT_TARGET = 17.5;
				MACOSX_DEPLOYMENT_TARGET = 14.5;
				MARKETING_VERSION = 1.0;
				PRODUCT_BUNDLE_IDENTIFIER = com.test.testTests;
				PRODUCT_NAME = "$(TARGET_NAME)";
				SDKROOT = auto;
				SUPPORTED_PLATFORMS = "iphoneos iphonesimulator macosx";
				SWIFT_EMIT_LOC_STRINGS = NO;
				SWIFT_VERSION = 5.0;
				TARGETED_DEVICE_FAMILY = "1,2";
				TEST_HOST = "$(BUILT_PRODUCTS_DIR)/test.app/$(BUNDLE_EXECUTABLE_FOLDER_PATH)/test";
			};
			name = Debug;
		};
		1AC16A9E2C63B48400FCE294 /* Release */ = {
			isa = XCBuildConfiguration;
			buildSettings = {
				ALWAYS_EMBED_SWIFT_STANDARD_LIBRARIES = YES;
				BUNDLE_LOADER = "$(TEST_HOST)";
				CODE_SIGN_STYLE = Automatic;
				CURRENT_PROJECT_VERSION = 1;
				DEVELOPMENT_TEAM = UVYL2468H7;
				GENERATE_INFOPLIST_FILE = YES;
				IPHONEOS_DEPLOYMENT_TARGET = 17.5;
				MACOSX_DEPLOYMENT_TARGET = 14.5;
				MARKETING_VERSION = 1.0;
				PRODUCT_BUNDLE_IDENTIFIER = com.test.testTests;
				PRODUCT_NAME = "$(TARGET_NAME)";
				SDKROOT = auto;
				SUPPORTED_PLATFORMS = "iphoneos iphonesimulator macosx";
				SWIFT_EMIT_LOC_STRINGS = NO;
				SWIFT_VERSION = 5.0;
				TARGETED_DEVICE_FAMILY = "1,2";
				TEST_HOST = "$(BUILT_PRODUCTS_DIR)/test.app/$(BUNDLE_EXECUTABLE_FOLDER_PATH)/test";
			};
			name = Release;
		};
		1AC16AA02C63B48400FCE294 /* Debug */ = {
			isa = XCBuildConfiguration;
			buildSettings = {
				ALWAYS_EMBED_SWIFT_STANDARD_LIBRARIES = YES;
				CODE_SIGN_STYLE = Automatic;
				CURRENT_PROJECT_VERSION = 1;
				DEVELOPMENT_TEAM = UVYL2468H7;
				GENERATE_INFOPLIST_FILE = YES;
				IPHONEOS_DEPLOYMENT_TARGET = 17.5;
				MACOSX_DEPLOYMENT_TARGET = 14.5;
				MARKETING_VERSION = 1.0;
				PRODUCT_BUNDLE_IDENTIFIER = com.test.testUITestsss;
				PRODUCT_NAME = "$(TARGET_NAME)";
				SDKROOT = auto;
				SUPPORTED_PLATFORMS = "iphoneos iphonesimulator macosx";
				SWIFT_EMIT_LOC_STRINGS = NO;
				SWIFT_VERSION = 5.0;
				TARGETED_DEVICE_FAMILY = "1,2";
				TEST_TARGET_NAME = test;
			};
			name = Debug;
		};
		1AC16AA12C63B48400FCE294 /* Release */ = {
			isa = XCBuildConfiguration;
			buildSettings = {
				ALWAYS_EMBED_SWIFT_STANDARD_LIBRARIES = YES;
				CODE_SIGN_STYLE = Automatic;
				CURRENT_PROJECT_VERSION = 1;
				DEVELOPMENT_TEAM = UVYL2468H7;
				GENERATE_INFOPLIST_FILE = YES;
				IPHONEOS_DEPLOYMENT_TARGET = 17.5;
				MACOSX_DEPLOYMENT_TARGET = 14.5;
				MARKETING_VERSION = 1.0;
				PRODUCT_BUNDLE_IDENTIFIER = com.test.testUITestsss;
				PRODUCT_NAME = "$(TARGET_NAME)";
				SDKROOT = auto;
				SUPPORTED_PLATFORMS = "iphoneos iphonesimulator macosx";
				SWIFT_EMIT_LOC_STRINGS = NO;
				SWIFT_VERSION = 5.0;
				TARGETED_DEVICE_FAMILY = "1,2";
				TEST_TARGET_NAME = test;
			};
			name = Release;
		};
/* End XCBuildConfiguration section */

/* Begin XCConfigurationList section */
		1AC16A6F2C63B48200FCE294 /* Build configuration list for PBXProject "landmarks" */ = {
			isa = XCConfigurationList;
			buildConfigurations = (
				1AC16A972C63B48400FCE294 /* Debug */,
				1AC16A982C63B48400FCE294 /* Release */,
			);
			defaultConfigurationIsVisible = 0;
			defaultConfigurationName = Release;
		};
		1AC16A992C63B48400FCE294 /* Build configuration list for PBXNativeTarget "landmarks" */ = {
			isa = XCConfigurationList;
			buildConfigurations = (
				1AC16A9A2C63B48400FCE294 /* Debug */,
				1AC16A9B2C63B48400FCE294 /* Release */,
			);
			defaultConfigurationIsVisible = 0;
			defaultConfigurationName = Release;
		};
		1AC16A9C2C63B48400FCE294 /* Build configuration list for PBXNativeTarget "landmarksTests" */ = {
			isa = XCConfigurationList;
			buildConfigurations = (
				1AC16A9D2C63B48400FCE294 /* Debug */,
				1AC16A9E2C63B48400FCE294 /* Release */,
			);
			defaultConfigurationIsVisible = 0;
			defaultConfigurationName = Release;
		};
		1AC16A9F2C63B48400FCE294 /* Build configuration list for PBXNativeTarget "landmarksUITests" */ = {
			isa = XCConfigurationList;
			buildConfigurations = (
				1AC16AA02C63B48400FCE294 /* Debug */,
				1AC16AA12C63B48400FCE294 /* Release */,
			);
			defaultConfigurationIsVisible = 0;
			defaultConfigurationName = Release;
		};
/* End XCConfigurationList section */
	};
	rootObject = 1AC16A6C2C63B48200FCE294 /* Project object */;
}
